// !$*UTF8*$!
{
	archiveVersion = 1;
	classes = {
	};
	objectVersion = 46;
	objects = {

/* Begin PBXBuildFile section */
		9D9E4DF11BD4AB28001AF979 /* waves.png in Resources */ = {isa = PBXBuildFile; fileRef = 9D9E4DF01BD4AB28001AF979 /* waves.png */; settings = {ASSET_TAGS = (); }; };
		9DCE12041BD4A5810095F250 /* AppDelegate.swift in Sources */ = {isa = PBXBuildFile; fileRef = 9DCE12031BD4A5810095F250 /* AppDelegate.swift */; };
		9DCE12061BD4A5810095F250 /* ViewController.swift in Sources */ = {isa = PBXBuildFile; fileRef = 9DCE12051BD4A5810095F250 /* ViewController.swift */; };
		9DCE12091BD4A5810095F250 /* Main.storyboard in Resources */ = {isa = PBXBuildFile; fileRef = 9DCE12071BD4A5810095F250 /* Main.storyboard */; };
		9DCE120B1BD4A5810095F250 /* Assets.xcassets in Resources */ = {isa = PBXBuildFile; fileRef = 9DCE120A1BD4A5810095F250 /* Assets.xcassets */; };
		9DCE120E1BD4A5810095F250 /* LaunchScreen.storyboard in Resources */ = {isa = PBXBuildFile; fileRef = 9DCE120C1BD4A5810095F250 /* LaunchScreen.storyboard */; };
		9DCE12181BD4A6340095F250 /* AppearanceController.swift in Sources */ = {isa = PBXBuildFile; fileRef = 9DCE12171BD4A6340095F250 /* AppearanceController.swift */; settings = {ASSET_TAGS = (); }; };
		9DCE121A1BD4A9CA0095F250 /* leopard.png in Resources */ = {isa = PBXBuildFile; fileRef = 9DCE12191BD4A9CA0095F250 /* leopard.png */; settings = {ASSET_TAGS = (); }; };
/* End PBXBuildFile section */

/* Begin PBXFileReference section */
		9D9E4DF01BD4AB28001AF979 /* waves.png */ = {isa = PBXFileReference; lastKnownFileType = image.png; path = waves.png; sourceTree = "<group>"; };
		9DCE12001BD4A5810095F250 /* AppearanceDemo.app */ = {isa = PBXFileReference; explicitFileType = wrapper.application; includeInIndex = 0; path = AppearanceDemo.app; sourceTree = BUILT_PRODUCTS_DIR; };
		9DCE12031BD4A5810095F250 /* AppDelegate.swift */ = {isa = PBXFileReference; lastKnownFileType = sourcecode.swift; path = AppDelegate.swift; sourceTree = "<group>"; };
		9DCE12051BD4A5810095F250 /* ViewController.swift */ = {isa = PBXFileReference; lastKnownFileType = sourcecode.swift; path = ViewController.swift; sourceTree = "<group>"; };
		9DCE12081BD4A5810095F250 /* Base */ = {isa = PBXFileReference; lastKnownFileType = file.storyboard; name = Base; path = Base.lproj/Main.storyboard; sourceTree = "<group>"; };
		9DCE120A1BD4A5810095F250 /* Assets.xcassets */ = {isa = PBXFileReference; lastKnownFileType = folder.assetcatalog; path = Assets.xcassets; sourceTree = "<group>"; };
		9DCE120D1BD4A5810095F250 /* Base */ = {isa = PBXFileReference; lastKnownFileType = file.storyboard; name = Base; path = Base.lproj/LaunchScreen.storyboard; sourceTree = "<group>"; };
		9DCE120F1BD4A5810095F250 /* Info.plist */ = {isa = PBXFileReference; lastKnownFileType = text.plist.xml; path = Info.plist; sourceTree = "<group>"; };
		9DCE12171BD4A6340095F250 /* AppearanceController.swift */ = {isa = PBXFileReference; fileEncoding = 4; lastKnownFileType = sourcecode.swift; name = AppearanceController.swift; path = ../AppearanceController.swift; sourceTree = "<group>"; };
		9DCE12191BD4A9CA0095F250 /* leopard.png */ = {isa = PBXFileReference; lastKnownFileType = image.png; path = leopard.png; sourceTree = "<group>"; };
/* End PBXFileReference section */

/* Begin PBXFrameworksBuildPhase section */
		9DCE11FD1BD4A5810095F250 /* Frameworks */ = {
			isa = PBXFrameworksBuildPhase;
			buildActionMask = 2147483647;
			files = (
			);
			runOnlyForDeploymentPostprocessing = 0;
		};
/* End PBXFrameworksBuildPhase section */

/* Begin PBXGroup section */
		9DCE11F71BD4A5810095F250 = {
			isa = PBXGroup;
			children = (
				9DCE12021BD4A5810095F250 /* AppearanceDemo */,
				9DCE12011BD4A5810095F250 /* Products */,
			);
			sourceTree = "<group>";
		};
		9DCE12011BD4A5810095F250 /* Products */ = {
			isa = PBXGroup;
			children = (
				9DCE12001BD4A5810095F250 /* AppearanceDemo.app */,
			);
			name = Products;
			sourceTree = "<group>";
		};
		9DCE12021BD4A5810095F250 /* AppearanceDemo */ = {
			isa = PBXGroup;
			children = (
				9DCE12031BD4A5810095F250 /* AppDelegate.swift */,
				9DCE12051BD4A5810095F250 /* ViewController.swift */,
				9DCE12171BD4A6340095F250 /* AppearanceController.swift */,
				9DCE12071BD4A5810095F250 /* Main.storyboard */,
				9DCE120A1BD4A5810095F250 /* Assets.xcassets */,
				9DCE120C1BD4A5810095F250 /* LaunchScreen.storyboard */,
				9DCE120F1BD4A5810095F250 /* Info.plist */,
				9DCE12191BD4A9CA0095F250 /* leopard.png */,
				9D9E4DF01BD4AB28001AF979 /* waves.png */,
			);
			path = AppearanceDemo;
			sourceTree = "<group>";
		};
/* End PBXGroup section */

/* Begin PBXNativeTarget section */
		9DCE11FF1BD4A5810095F250 /* AppearanceDemo */ = {
			isa = PBXNativeTarget;
			buildConfigurationList = 9DCE12121BD4A5810095F250 /* Build configuration list for PBXNativeTarget "AppearanceDemo" */;
			buildPhases = (
				9DCE11FC1BD4A5810095F250 /* Sources */,
				9DCE11FD1BD4A5810095F250 /* Frameworks */,
				9DCE11FE1BD4A5810095F250 /* Resources */,
			);
			buildRules = (
			);
			dependencies = (
			);
			name = AppearanceDemo;
			productName = AppearanceDemo;
			productReference = 9DCE12001BD4A5810095F250 /* AppearanceDemo.app */;
			productType = "com.apple.product-type.application";
		};
/* End PBXNativeTarget section */

/* Begin PBXProject section */
		9DCE11F81BD4A5810095F250 /* Project object */ = {
			isa = PBXProject;
			attributes = {
				LastUpgradeCheck = 0700;
				ORGANIZATIONNAME = "Dev Mountain";
				TargetAttributes = {
					9DCE11FF1BD4A5810095F250 = {
						CreatedOnToolsVersion = 7.0.1;
					};
				};
			};
			buildConfigurationList = 9DCE11FB1BD4A5810095F250 /* Build configuration list for PBXProject "AppearanceDemo" */;
			compatibilityVersion = "Xcode 3.2";
			developmentRegion = English;
			hasScannedForEncodings = 0;
			knownRegions = (
				en,
				Base,
			);
			mainGroup = 9DCE11F71BD4A5810095F250;
			productRefGroup = 9DCE12011BD4A5810095F250 /* Products */;
			projectDirPath = "";
			projectRoot = "";
			targets = (
				9DCE11FF1BD4A5810095F250 /* AppearanceDemo */,
			);
		};
/* End PBXProject section */

/* Begin PBXResourcesBuildPhase section */
		9DCE11FE1BD4A5810095F250 /* Resources */ = {
			isa = PBXResourcesBuildPhase;
			buildActionMask = 2147483647;
			files = (
				9DCE120E1BD4A5810095F250 /* LaunchScreen.storyboard in Resources */,
				9DCE121A1BD4A9CA0095F250 /* leopard.png in Resources */,
				9D9E4DF11BD4AB28001AF979 /* waves.png in Resources */,
				9DCE120B1BD4A5810095F250 /* Assets.xcassets in Resources */,
				9DCE12091BD4A5810095F250 /* Main.storyboard in Resources */,
			);
			runOnlyForDeploymentPostprocessing = 0;
		};
/* End PBXResourcesBuildPhase section */

/* Begin PBXSourcesBuildPhase section */
		9DCE11FC1BD4A5810095F250 /* Sources */ = {
			isa = PBXSourcesBuildPhase;
			buildActionMask = 2147483647;
			files = (
				9DCE12061BD4A5810095F250 /* ViewController.swift in Sources */,
				9DCE12181BD4A6340095F250 /* AppearanceController.swift in Sources */,
				9DCE12041BD4A5810095F250 /* AppDelegate.swift in Sources */,
			);
			runOnlyForDeploymentPostprocessing = 0;
		};
/* End PBXSourcesBuildPhase section */

/* Begin PBXVariantGroup section */
		9DCE12071BD4A5810095F250 /* Main.storyboard */ = {
			isa = PBXVariantGroup;
			children = (
				9DCE12081BD4A5810095F250 /* Base */,
			);
			name = Main.storyboard;
			sourceTree = "<group>";
		};
		9DCE120C1BD4A5810095F250 /* LaunchScreen.storyboard */ = {
			isa = PBXVariantGroup;
			children = (
				9DCE120D1BD4A5810095F250 /* Base */,
			);
			name = LaunchScreen.storyboard;
			sourceTree = "<group>";
		};
/* End PBXVariantGroup section */

/* Begin XCBuildConfiguration section */
		9DCE12101BD4A5810095F250 /* Debug */ = {
			isa = XCBuildConfiguration;
			buildSettings = {
				ALWAYS_SEARCH_USER_PATHS = NO;
				CLANG_CXX_LANGUAGE_STANDARD = "gnu++0x";
				CLANG_CXX_LIBRARY = "libc++";
				CLANG_ENABLE_MODULES = YES;
				CLANG_ENABLE_OBJC_ARC = YES;
				CLANG_WARN_BOOL_CONVERSION = YES;
				CLANG_WARN_CONSTANT_CONVERSION = YES;
				CLANG_WARN_DIRECT_OBJC_ISA_USAGE = YES_ERROR;
				CLANG_WARN_EMPTY_BODY = YES;
				CLANG_WARN_ENUM_CONVERSION = YES;
				CLANG_WARN_INT_CONVERSION = YES;
				CLANG_WARN_OBJC_ROOT_CLASS = YES_ERROR;
				CLANG_WARN_UNREACHABLE_CODE = YES;
				CLANG_WARN__DUPLICATE_METHOD_MATCH = YES;
				"CODE_SIGN_IDENTITY[sdk=iphoneos*]" = "iPhone Developer";
				COPY_PHASE_STRIP = NO;
				DEBUG_INFORMATION_FORMAT = dwarf;
				ENABLE_STRICT_OBJC_MSGSEND = YES;
				ENABLE_TESTABILITY = YES;
				GCC_C_LANGUAGE_STANDARD = gnu99;
				GCC_DYNAMIC_NO_PIC = NO;
				GCC_NO_COMMON_BLOCKS = YES;
				GCC_OPTIMIZATION_LEVEL = 0;
				GCC_PREPROCESSOR_DEFINITIONS = (
					"DEBUG=1",
					"$(inherited)",
				);
				GCC_WARN_64_TO_32_BIT_CONVERSION = YES;
				GCC_WARN_ABOUT_RETURN_TYPE = YES_ERROR;
				GCC_WARN_UNDECLARED_SELECTOR = YES;
				GCC_WARN_UNINITIALIZED_AUTOS = YES_AGGRESSIVE;
				GCC_WARN_UNUSED_FUNCTION = YES;
				GCC_WARN_UNUSED_VARIABLE = YES;
				IPHONEOS_DEPLOYMENT_TARGET = 9.0;
				MTL_ENABLE_DEBUG_INFO = YES;
				ONLY_ACTIVE_ARCH = YES;
				SDKROOT = iphoneos;
				SWIFT_OPTIMIZATION_LEVEL = "-Onone";
			};
			name = Debug;
		};
		9DCE12111BD4A5810095F250 /* Release */ = {
			isa = XCBuildConfiguration;
			buildSettings = {
				ALWAYS_SEARCH_USER_PATHS = NO;
				CLANG_CXX_LANGUAGE_STANDARD = "gnu++0x";
				CLANG_CXX_LIBRARY = "libc++";
				CLANG_ENABLE_MODULES = YES;
				CLANG_ENABLE_OBJC_ARC = YES;
				CLANG_WARN_BOOL_CONVERSION = YES;
				CLANG_WARN_CONSTANT_CONVERSION = YES;
				CLANG_WARN_DIRECT_OBJC_ISA_USAGE = YES_ERROR;
				CLANG_WARN_EMPTY_BODY = YES;
				CLANG_WARN_ENUM_CONVERSION = YES;
				CLANG_WARN_INT_CONVERSION = YES;
				CLANG_WARN_OBJC_ROOT_CLASS = YES_ERROR;
				CLANG_WARN_UNREACHABLE_CODE = YES;
				CLANG_WARN__DUPLICATE_METHOD_MATCH = YES;
				"CODE_SIGN_IDENTITY[sdk=iphoneos*]" = "iPhone Developer";
				COPY_PHASE_STRIP = NO;
				DEBUG_INFORMATION_FORMAT = "dwarf-with-dsym";
				ENABLE_NS_ASSERTIONS = NO;
				ENABLE_STRICT_OBJC_MSGSEND = YES;
				GCC_C_LANGUAGE_STANDARD = gnu99;
				GCC_NO_COMMON_BLOCKS = YES;
				GCC_WARN_64_TO_32_BIT_CONVERSION = YES;
				GCC_WARN_ABOUT_RETURN_TYPE = YES_ERROR;
				GCC_WARN_UNDECLARED_SELECTOR = YES;
				GCC_WARN_UNINITIALIZED_AUTOS = YES_AGGRESSIVE;
				GCC_WARN_UNUSED_FUNCTION = YES;
				GCC_WARN_UNUSED_VARIABLE = YES;
				IPHONEOS_DEPLOYMENT_TARGET = 9.0;
				MTL_ENABLE_DEBUG_INFO = NO;
				SDKROOT = iphoneos;
				VALIDATE_PRODUCT = YES;
			};
			name = Release;
		};
		9DCE12131BD4A5810095F250 /* Debug */ = {
			isa = XCBuildConfiguration;
			buildSettings = {
				ASSETCATALOG_COMPILER_APPICON_NAME = AppIcon;
				INFOPLIST_FILE = AppearanceDemo/Info.plist;
				LD_RUNPATH_SEARCH_PATHS = "$(inherited) @executable_path/Frameworks";
				PRODUCT_BUNDLE_IDENTIFIER = com.devmountain.AppearanceDemo;
				PRODUCT_NAME = "$(TARGET_NAME)";
			};
			name = Debug;
		};
		9DCE12141BD4A5810095F250 /* Release */ = {
			isa = XCBuildConfiguration;
			buildSettings = {
				ASSETCATALOG_COMPILER_APPICON_NAME = AppIcon;
				INFOPLIST_FILE = AppearanceDemo/Info.plist;
				LD_RUNPATH_SEARCH_PATHS = "$(inherited) @executable_path/Frameworks";
				PRODUCT_BUNDLE_IDENTIFIER = com.devmountain.AppearanceDemo;
				PRODUCT_NAME = "$(TARGET_NAME)";
			};
			name = Release;
		};
/* End XCBuildConfiguration section */

/* Begin XCConfigurationList section */
		9DCE11FB1BD4A5810095F250 /* Build configuration list for PBXProject "AppearanceDemo" */ = {
			isa = XCConfigurationList;
			buildConfigurations = (
				9DCE12101BD4A5810095F250 /* Debug */,
				9DCE12111BD4A5810095F250 /* Release */,
			);
			defaultConfigurationIsVisible = 0;
			defaultConfigurationName = Release;
		};
		9DCE12121BD4A5810095F250 /* Build configuration list for PBXNativeTarget "AppearanceDemo" */ = {
			isa = XCConfigurationList;
			buildConfigurations = (
				9DCE12131BD4A5810095F250 /* Debug */,
				9DCE12141BD4A5810095F250 /* Release */,
			);
			defaultConfigurationIsVisible = 0;
			defaultConfigurationName = Release;
		};
/* End XCConfigurationList section */
	};
	rootObject = 9DCE11F81BD4A5810095F250 /* Project object */;
}
